# This file is autogenerated, do not edit; changes may be undone by the next 'dep ensure'.


[[projects]]
  branch = "master"
  digest = "1:6c6d06796e61ba5ccf44b74bf1d0aeaaf28156f7dc7ee8e1c57b7095f1f3d27e"
  name = "github.com/PagerDuty/go-pagerduty"
  packages = ["."]
  pruneopts = ""
  revision = "078a3284fb0ee5256d2164b53b9ed44ff3b3b05e"

[[projects]]
  digest = "1:56c130d885a4aacae1dd9c7b71cfe39912c7ebc1ff7d2b46083c8812996dc43b"
  name = "github.com/davecgh/go-spew"
  packages = ["spew"]
  pruneopts = ""
  revision = "346938d642f2ec3594ed81d874461961cd0faa76"
  version = "v1.1.0"

[[projects]]
  digest = "1:a406cae5eda48c01f8171bd47beb038751393f25ac06774ce04f9d6b0b703f17"
  name = "github.com/docker/go-units"
  packages = ["."]
  pruneopts = ""
  revision = "0dadbb0345b35ec7ef35e228dabb8de89a65bf52"
  version = "v0.3.2"

[[projects]]
  branch = "master"
  digest = "1:8c7a067a84868afafa105b2c179d2854646644e02b114050ee746e80c57d2a17"
  name = "github.com/golang/protobuf"
  packages = [
    "jsonpb",
    "proto",
    "protoc-gen-go/descriptor",
    "ptypes",
    "ptypes/any",
    "ptypes/duration",
    "ptypes/struct",
    "ptypes/timestamp",
  ]
  pruneopts = ""
  revision = "9eb2c01ac278a5d89ce4b2be68fe4500955d8179"

[[projects]]
  branch = "master"
  digest = "1:9abc49f39e3e23e262594bb4fb70abf74c0c99e94f99153f43b143805e850719"
  name = "github.com/google/go-querystring"
  packages = ["query"]
  pruneopts = ""
  revision = "53e6ce116135b80d037921a7fdd5138cf32d7a8a"

[[projects]]
  branch = "master"
  digest = "1:5b017ed28c064ee865387bc607af77e7a5db496d0d6ee345dd3b40745b49de9a"
  name = "github.com/grpc-ecosystem/go-grpc-middleware"
  packages = [
    ".",
    "logging",
    "logging/logrus",
    "logging/logrus/ctxlogrus",
    "tags",
    "tags/logrus",
  ]
  pruneopts = ""
  revision = "bc175326149c6c87ca6e2b9fe58cf6d2aa1036cd"

[[projects]]
  digest = "1:54dfd60faa9a778f693e04c788c09fa438d1c9fd0e2ae7bc832620accb142d57"
  name = "github.com/influxdata/influxdb"
  packages = [
    "client/v2",
    "models",
    "pkg/escape",
  ]
  pruneopts = ""
  revision = "6d2685d1738277a1c2672fc58df7994627769be6"
  version = "v1.4.2"

[[projects]]
  digest = "1:0d069300443e77049f71a4f9dc1539ba246c8f0c0f140cd9587f0153dd978c20"
  name = "github.com/opencontainers/runc"
  packages = [
    "libcontainer/cgroups",
    "libcontainer/cgroups/fs",
    "libcontainer/configs",
    "libcontainer/system",
    "libcontainer/utils",
  ]
  pruneopts = ""
  revision = "4fc53a81fb7c994640722ac585fa9ca548971871"
  version = "v1.0.0-rc5"

[[projects]]
  digest = "1:531ba73ef0f436a52f4b11ff915505ae92e0cca7eb110088e3ecc23fb7ba4b4f"
  name = "github.com/opencontainers/runtime-spec"
  packages = ["specs-go"]
  pruneopts = ""
  revision = "4e3b9264a330d094b0386c3703c5f379119711e8"
  version = "v1.0.1"

[[projects]]
  digest = "1:256484dbbcd271f9ecebc6795b2df8cad4c458dd0f5fd82a8c2fa0c29f233411"
  name = "github.com/pmezard/go-difflib"
  packages = ["difflib"]
  pruneopts = ""
  revision = "792786c7400a136282c1664665ae0a8db921c6c2"
  version = "v1.0.0"

[[projects]]
  digest = "1:42a42c4bc67bed17f40fddf0f24d4403e25e7b96488456cf4248e6d16659d370"
  name = "github.com/sirupsen/logrus"
  packages = ["."]
  pruneopts = ""
  revision = "d682213848ed68c0a260ca37d6dd5ace8423f5ba"
  version = "v1.0.4"

[[projects]]
  digest = "1:3926a4ec9a4ff1a072458451aa2d9b98acd059a45b38f7335d31e06c3d6a0159"
  name = "github.com/stretchr/testify"
  packages = ["assert"]
  pruneopts = ""
  revision = "69483b4bd14f5845b5a1e55bca19e954e827f1d0"
  version = "v1.1.4"

[[projects]]
  branch = "master"
  digest = "1:c3415eeb330bf30a2d8181e516ec79804c198f3d171ab9c9364f29dbe76c05d9"
  name = "golang.org/x/crypto"
  packages = ["ssh/terminal"]
  pruneopts = ""
  revision = "94eea52f7b742c7cbe0b03b22f0c4c8631ece122"

[[projects]]
  branch = "master"
  digest = "1:950b672f2ee80d0fc4c95a15a976ba9ee573a6fb8ede8a777770b2230776367e"
  name = "golang.org/x/net"
  packages = [
    "context",
    "http2",
    "http2/hpack",
    "idna",
    "internal/timeseries",
    "lex/httplex",
    "trace",
  ]
  pruneopts = ""
  revision = "faacc1b5e36e3ff02cbec9661c69ac63dd5a83ad"

[[projects]]
  branch = "master"
  digest = "1:a9b593bd80a86f44d3334e03e966cf2800ec5f01cc4464a5a2ac3424e12ec84e"
  name = "golang.org/x/sys"
  packages = [
    "unix",
    "windows",
  ]
  pruneopts = ""
  revision = "9167dbfd0f8e88b731dd88cbf73a270701a37bb4"

[[projects]]
  branch = "master"
  digest = "1:1c70f7bb89783a026dc32920575a3feef48e065ef6e170ad227903e8194d7a36"
  name = "golang.org/x/text"
  packages = [
    "collate",
    "collate/build",
    "internal/colltab",
    "internal/gen",
    "internal/tag",
    "internal/triegen",
    "internal/ucd",
    "language",
    "secure/bidirule",
    "transform",
    "unicode/bidi",
    "unicode/cldr",
    "unicode/norm",
    "unicode/rangetable",
  ]
  pruneopts = ""
  revision = "be25de41fadfae372d6470bda81ca6beb55ef551"

[[projects]]
  branch = "master"
  digest = "1:6c15114fafeac4c833544476dec4207a3476799d50ab5165af79eb97806884cf"
  name = "google.golang.org/genproto"
  packages = ["googleapis/rpc/status"]
  pruneopts = ""
  revision = "7f0da29060c682909f650ad8ed4e515bd74fa12a"

[[projects]]
  digest = "1:6c00b4702c146631d30396090d40bfc0486f8b3af5c976d6f0daf2bc737cd7b2"
  name = "google.golang.org/grpc"
  packages = [
    ".",
    "balancer",
    "balancer/roundrobin",
    "codes",
    "connectivity",
    "credentials",
    "encoding",
    "grpclb/grpc_lb_v1/messages",
    "grpclog",
    "internal",
    "keepalive",
    "metadata",
    "naming",
    "peer",
    "reflection",
    "reflection/grpc_reflection_v1alpha",
    "resolver",
    "resolver/dns",
    "resolver/manual",
    "resolver/passthrough",
    "stats",
    "status",
    "tap",
    "transport",
  ]
  pruneopts = ""
  revision = "be077907e29fdb945d351e4284eb5361e7f8924e"
  version = "v1.8.1"

[solve-meta]
  analyzer-name = "dep"
  analyzer-version = 1
  input-imports = [
    "github.com/PagerDuty/go-pagerduty",
    "github.com/golang/protobuf/proto",
    "github.com/grpc-ecosystem/go-grpc-middleware/logging/logrus",
    "github.com/influxdata/influxdb/client/v2",
    "github.com/opencontainers/runc/libcontainer/cgroups",
    "github.com/opencontainers/runc/libcontainer/cgroups/fs",
    "github.com/sirupsen/logrus",
    "github.com/stretchr/testify/assert",
    "golang.org/x/net/context",
    "google.golang.org/grpc",
    "google.golang.org/grpc/credentials",
    "google.golang.org/grpc/metadata",
    "google.golang.org/grpc/reflection",
  ]
  solver-name = "gps-cdcl"
  solver-version = 1
